{
  "nodes": {
    "flake-utils": {
      "inputs": {
        "systems": "systems"
      },
      "locked": {
        "lastModified": 1731533236,
        "narHash": "sha256-l0KFg5HjrsfsO/JpG+r7fRrqm12kzFHyUHqHCVpMMbI=",
        "owner": "numtide",
        "repo": "flake-utils",
        "rev": "11707dc2f618dd54ca8739b309ec4fc024de578b",
        "type": "github"
      },
      "original": {
        "owner": "numtide",
        "repo": "flake-utils",
        "type": "github"
      }
    },
    "nixpkgs": {
      "locked": {
        "lastModified": 1737165118,
        "narHash": "sha256-s40Kk/OulP3J/1JvC3VT16U4r/Xw6Qdi7SRw3LYkPWs=",
        "owner": "nixos",
        "repo": "nixpkgs",
        "rev": "6a3ae7a5a12fb8cac2d59d7df7cbd95f9b2f0566",
        "type": "github"
      },
      "original": {
        "owner": "nixos",
        "ref": "nixos-24.11",
        "repo": "nixpkgs",
        "type": "github"
      }
    },
    "nixpkgs-unstable": {
      "locked": {
        "lastModified": 1737165118,
        "narHash": "sha256-s40Kk/OulP3J/1JvC3VT16U4r/Xw6Qdi7SRw3LYkPWs=",
        "owner": "nixos",
        "repo": "nixpkgs",
        "rev": "6a3ae7a5a12fb8cac2d59d7df7cbd95f9b2f0566",
        "type": "github"
      },
      "original": {
        "owner": "nixos",
        "ref": "nixos-24.11",
        "repo": "nixpkgs",
        "type": "github"
      }
    },
    "qmk-chibios": {
      "flake": false,
      "locked": {
        "lastModified": 1672774166,
        "narHash": "sha256-K8wArvepYUyHuLFO62/RKqjSHxZGEZSaVtYlq3UHYbU=",
        "owner": "qmk",
        "repo": "ChibiOS",
        "rev": "0062927e3058a8b5ef587234bbd98d42fb4e595e",
        "type": "github"
      },
      "original": {
        "owner": "qmk",
        "ref": "master",
        "repo": "ChibiOS",
        "type": "github"
      }
    },
    "qmk-chibios-contrib": {
      "flake": false,
      "locked": {
        "lastModified": 1673451747,
        "narHash": "sha256-axHUatcxYD1Y4k0D/pb77gQXjDY9y/CRYhLohNPi1TA=",
        "owner": "qmk",
        "repo": "ChibiOS-Contrib",
        "rev": "a224be155ae18d38deccf33a6c1d259b9a5ad8d3",
        "type": "github"
      },
      "original": {
        "owner": "qmk",
        "ref": "master",
        "repo": "ChibiOS-Contrib",
        "type": "github"
      }
    },
    "qmk-firmware": {
      "flake": false,
      "locked": {
        "lastModified": 1737222753,
        "narHash": "sha256-E6Dv6/G2Kcv2oeRyj4F6BCELWg8ZedwwmaMs2Q23TfE=",
        "owner": "qmk",
        "repo": "qmk_firmware",
        "rev": "3c40e140138986fd58449cd31e2c5f790e2e4466",
        "type": "github"
      },
      "original": {
        "owner": "qmk",
        "repo": "qmk_firmware",
        "type": "github"
      }
    },
    "qmk-googletest": {
      "flake": false,
      "locked": {
        "lastModified": 1623433346,
        "narHash": "sha256-SjlJxushfry13RGA7BCjYC9oZqV4z6x8dOiHfl/wpF0=",
        "owner": "qmk",
        "repo": "googletest",
        "rev": "e2239ee6043f73722e7aa812a459f54a28552929",
        "type": "github"
      },
      "original": {
        "owner": "qmk",
        "repo": "googletest",
        "type": "github"
      }
    },
    "qmk-lufa": {
      "flake": false,
      "locked": {
        "lastModified": 1661479795,
        "narHash": "sha256-BCaLSOn9ksj0+gYNdiTkZqrgKbGEbWNxnxrh3TOpsOY=",
        "owner": "qmk",
        "repo": "lufa",
        "rev": "549b97320d515bfca2f95c145a67bd13be968faa",
        "type": "github"
      },
      "original": {
        "owner": "qmk",
        "repo": "lufa",
        "type": "github"
      }
    },
    "qmk-lvgl": {
      "flake": false,
      "locked": {
        "lastModified": 1649673893,
        "narHash": "sha256-S/lFkPICCYnoMmKpwGn0tRLU4Xlgu0GDw9aYFiRLykg=",
        "owner": "qmk",
        "repo": "lvgl",
        "rev": "e19410f8f8a256609da72cff549598e0df6fa4cf",
        "type": "github"
      },
      "original": {
        "owner": "qmk",
        "ref": "release/v8.2",
        "repo": "lvgl",
        "type": "github"
      }
    },
    "qmk-pico-sdk": {
      "flake": false,
      "locked": {
        "lastModified": 1676229577,
        "narHash": "sha256-uaCtC4tAkOLDglEE5G0wZ4Z51J4FJvTvsP56ElBjJs0=",
        "owner": "qmk",
        "repo": "pico-sdk",
        "rev": "a3398d8d3a772f37fef44a74743a1de69770e9c2",
        "type": "github"
      },
      "original": {
        "owner": "qmk",
        "repo": "pico-sdk",
        "type": "github"
      }
    },
    "qmk-printf": {
      "flake": false,
      "locked": {
        "lastModified": 1656536398,
        "narHash": "sha256-RgeQ1Hg1j9DF4C2N/0Qh6iGAFg8vAY1NdbxFMCcMoGQ=",
        "owner": "qmk",
        "repo": "printf",
        "rev": "c2e3b4e10d281e7f0f694d3ecbd9f320977288cc",
        "type": "github"
      },
      "original": {
        "owner": "qmk",
        "repo": "printf",
        "type": "github"
      }
    },
    "qmk-vusb": {
      "flake": false,
      "locked": {
        "lastModified": 1655075897,
        "narHash": "sha256-9w70OMxUoltjuxuIyzrO6g0P45iTWOt+Yh95WI5H6B4=",
        "owner": "qmk",
        "repo": "v-usb",
        "rev": "819dbc1e5d5926b17e27e00ca6d3d2988adae04e",
        "type": "github"
      },
      "original": {
        "owner": "qmk",
        "repo": "v-usb",
        "type": "github"
      }
    },
    "root": {
      "inputs": {
        "flake-utils": "flake-utils",
        "nixpkgs": "nixpkgs",
        "nixpkgs-unstable": "nixpkgs-unstable",
        "qmk-chibios": "qmk-chibios",
        "qmk-chibios-contrib": "qmk-chibios-contrib",
        "qmk-firmware": "qmk-firmware",
        "qmk-googletest": "qmk-googletest",
        "qmk-lufa": "qmk-lufa",
        "qmk-lvgl": "qmk-lvgl",
        "qmk-pico-sdk": "qmk-pico-sdk",
        "qmk-printf": "qmk-printf",
        "qmk-vusb": "qmk-vusb"
      }
    },
    "systems": {
      "locked": {
        "lastModified": 1681028828,
        "narHash": "sha256-Vy1rq5AaRuLzOxct8nz4T6wlgyUR7zLU309k9mBC768=",
        "owner": "nix-systems",
        "repo": "default",
        "rev": "da67096a3b9bf56a91d16901293e51ba5b49a27e",
        "type": "github"
      },
      "original": {
        "owner": "nix-systems",
        "repo": "default",
        "type": "github"
      }
    }
  },
  "root": "root",
  "version": 7
}
